PODS:
  - azure_speech_recognition_null_safety (0.0.1):
    - Flutter
    - MicrosoftCognitiveServicesSpeech-iOS (~> 1.43.0)
  - Flutter (1.0.0)
  - MicrosoftCognitiveServicesSpeech-iOS (1.43.0)
  - permission_handler_apple (9.1.1):
    - Flutter

DEPENDENCIES:
  - azure_speech_recognition_null_safety (from `.symlinks/plugins/azure_speech_recognition_null_safety/ios`)
  - Flutter (from `Flutter`)
  - permission_handler_apple (from `.symlinks/plugins/permission_handler_apple/ios`)

SPEC REPOS:
  trunk:
    - MicrosoftCognitiveServicesSpeech-iOS

EXTERNAL SOURCES:
  azure_speech_recognition_null_safety:
    :path: ".symlinks/plugins/azure_speech_recognition_null_safety/ios"
  Flutter:
    :path: Flutter
  permission_handler_apple:
    :path: ".symlinks/plugins/permission_handler_apple/ios"

SPEC CHECKSUMS:
  azure_speech_recognition_null_safety: 84df17bd890036c348e2a0df77b33768cbf4514d
  Flutter: e0871f40cf51350855a761d2e70bf5af5b9b5de7
  MicrosoftCognitiveServicesSpeech-iOS: 6e4411d2c57acce23266025d06afae8c405633c6
  permission_handler_apple: e76247795d700c14ea09e3a2d8855d41ee80a2e6

PODFILE CHECKSUM: 3406f625fb9b4342cc27f105f57632a21e4ca776

COCOAPODS: 1.12.0
